
Microsoft Visual Studio Solution File, Format Version 12.00
# Visual Studio Version 17
VisualStudioVersion = 17.4.33213.308
MinimumVisualStudioVersion = 10.0.40219.1
Project("{FAE04EC0-301F-11D3-BF4B-00C04F79EFBC}") = "TestDiWinFormsApp1", "WinFormsApp1\TestDiWinFormsApp1.csproj", "{C3210D06-D3CD-4F7F-9404-2AF26E264405}"
EndProject
Global
	GlobalSection(SolutionConfigurationPlatforms) = preSolution
		Debug|Any CPU = Debug|Any CPU
		Release|Any CPU = Release|Any CPU
	EndGlobalSection
	GlobalSection(ProjectConfigurationPlatforms) = postSolution
		{C3210D06-D3CD-4F7F-9404-2AF26E264405}.Debug|Any CPU.ActiveCfg = Debug|Any CPU
		{C3210D06-D3CD-4F7F-9404-2AF26E264405}.Debug|Any CPU.Build.0 = Debug|Any CPU
		{C3210D06-D3CD-4F7F-9404-2AF26E264405}.Release|Any CPU.ActiveCfg = Release|Any CPU
		{C3210D06-D3CD-4F7F-9404-2AF26E264405}.Release|Any CPU.Build.0 = Release|Any CPU
	EndGlobalSection
	GlobalSection(SolutionProperties) = preSolution
		HideSolutionNode = FALSE
	EndGlobalSection
	GlobalSection(ExtensibilityGlobals) = postSolution
		SolutionGuid = {054BF1A1-271D-4519-8B9F-EE243FFA8E59}
	EndGlobalSection
EndGlobal
